
Microsoft Visual Studio Solution File, Format Version 12.00
# Visual Studio Version 17
VisualStudioVersion = 17.5.33516.290
MinimumVisualStudioVersion = 10.0.40219.1
Project("{FAE04EC0-301F-11D3-BF4B-00C04F79EFBC}") = "TallerReparacion", "TallerReparacion\TallerReparacion.csproj", "{589D6BED-C033-4F30-B318-3E4CC879BC8D}"
EndProject
Global
	GlobalSection(SolutionConfigurationPlatforms) = preSolution
		All|Any CPU = All|Any CPU
		All|ARM = All|ARM
		All|ARM64 = All|ARM64
		All|x64 = All|x64
		All|x86 = All|x86
		Debug|Any CPU = Debug|Any CPU
		Debug|ARM = Debug|ARM
		Debug|ARM64 = Debug|ARM64
		Debug|x64 = Debug|x64
		Debug|x86 = Debug|x86
		Release|Any CPU = Release|Any CPU
		Release|ARM = Release|ARM
		Release|ARM64 = Release|ARM64
		Release|x64 = Release|x64
		Release|x86 = Release|x86
	EndGlobalSection
	GlobalSection(ProjectConfigurationPlatforms) = postSolution
		{589D6BED-C033-4F30-B318-3E4CC879BC8D}.All|Any CPU.ActiveCfg = Release|Any CPU
		{589D6BED-C033-4F30-B318-3E4CC879BC8D}.All|Any CPU.Build.0 = Release|Any CPU
		{589D6BED-C033-4F30-B318-3E4CC879BC8D}.All|ARM.ActiveCfg = Release|Any CPU
		{589D6BED-C033-4F30-B318-3E4CC879BC8D}.All|ARM.Build.0 = Release|Any CPU
		{589D6BED-C033-4F30-B318-3E4CC879BC8D}.All|ARM64.ActiveCfg = Release|Any CPU
		{589D6BED-C033-4F30-B318-3E4CC879BC8D}.All|ARM64.Build.0 = Release|Any CPU
		{589D6BED-C033-4F30-B318-3E4CC879BC8D}.All|x64.ActiveCfg = Release|Any CPU
		{589D6BED-C033-4F30-B318-3E4CC879BC8D}.All|x64.Build.0 = Release|Any CPU
		{589D6BED-C033-4F30-B318-3E4CC879BC8D}.All|x86.ActiveCfg = Release|Any CPU
		{589D6BED-C033-4F30-B318-3E4CC879BC8D}.All|x86.Build.0 = Release|Any CPU
		{589D6BED-C033-4F30-B318-3E4CC879BC8D}.Debug|Any CPU.ActiveCfg = Debug|Any CPU
		{589D6BED-C033-4F30-B318-3E4CC879BC8D}.Debug|Any CPU.Build.0 = Debug|Any CPU
		{589D6BED-C033-4F30-B318-3E4CC879BC8D}.Debug|ARM.ActiveCfg = Debug|Any CPU
		{589D6BED-C033-4F30-B318-3E4CC879BC8D}.Debug|ARM.Build.0 = Debug|Any CPU
		{589D6BED-C033-4F30-B318-3E4CC879BC8D}.Debug|ARM64.ActiveCfg = Debug|Any CPU
		{589D6BED-C033-4F30-B318-3E4CC879BC8D}.Debug|ARM64.Build.0 = Debug|Any CPU
		{589D6BED-C033-4F30-B318-3E4CC879BC8D}.Debug|x64.ActiveCfg = Debug|Any CPU
		{589D6BED-C033-4F30-B318-3E4CC879BC8D}.Debug|x64.Build.0 = Debug|Any CPU
		{589D6BED-C033-4F30-B318-3E4CC879BC8D}.Debug|x86.ActiveCfg = Debug|Any CPU
		{589D6BED-C033-4F30-B318-3E4CC879BC8D}.Debug|x86.Build.0 = Debug|Any CPU
		{589D6BED-C033-4F30-B318-3E4CC879BC8D}.Release|Any CPU.ActiveCfg = Release|Any CPU
		{589D6BED-C033-4F30-B318-3E4CC879BC8D}.Release|Any CPU.Build.0 = Release|Any CPU
		{589D6BED-C033-4F30-B318-3E4CC879BC8D}.Release|ARM.ActiveCfg = Release|Any CPU
		{589D6BED-C033-4F30-B318-3E4CC879BC8D}.Release|ARM.Build.0 = Release|Any CPU
		{589D6BED-C033-4F30-B318-3E4CC879BC8D}.Release|ARM64.ActiveCfg = Release|Any CPU
		{589D6BED-C033-4F30-B318-3E4CC879BC8D}.Release|ARM64.Build.0 = Release|Any CPU
		{589D6BED-C033-4F30-B318-3E4CC879BC8D}.Release|x64.ActiveCfg = Release|Any CPU
		{589D6BED-C033-4F30-B318-3E4CC879BC8D}.Release|x64.Build.0 = Release|Any CPU
		{589D6BED-C033-4F30-B318-3E4CC879BC8D}.Release|x86.ActiveCfg = Release|Any CPU
		{589D6BED-C033-4F30-B318-3E4CC879BC8D}.Release|x86.Build.0 = Release|Any CPU
	EndGlobalSection
	GlobalSection(SolutionProperties) = preSolution
		HideSolutionNode = FALSE
	EndGlobalSection
	GlobalSection(ExtensibilityGlobals) = postSolution
		SolutionGuid = {C32991E9-9DB6-4FC8-B423-84140CF6A7A3}
	EndGlobalSection
EndGlobal
